
Microsoft Visual Studio Solution File, Format Version 12.00
# Visual Studio Version 16
VisualStudioVersion = 16.0.30204.135
MinimumVisualStudioVersion = 10.0.40219.1
Project("{9A19103F-16F7-4668-BE54-9A1E7A4F7556}") = "MalcoCorporateAPI", "MalcoCorporateAPI\MalcoCorporateAPI.csproj", "{BF4A35C3-0358-4635-942A-385845E007D2}"
EndProject
Project("{9A19103F-16F7-4668-BE54-9A1E7A4F7556}") = "MalcoCorporateAPIModels", "APIModels\MalcoCorporateAPIModels.csproj", "{53F9A04A-5229-45D9-96DF-1498FCBABA92}"
EndProject
Project("{FAE04EC0-301F-11D3-BF4B-00C04F79EFBC}") = "MalcoCorporateAPIBusinessRules", "APIBusinessRules\MalcoCorporateAPIBusinessRules.csproj", "{ED86647F-519C-4BB1-9745-69A4C0D7B53F}"
EndProject
Project("{FAE04EC0-301F-11D3-BF4B-00C04F79EFBC}") = "MalcoCorporateFramawork", "MalcoCorporateFramawork\MalcoCorporateFramawork.csproj", "{E418A3D3-73E8-44E5-9CA2-2B13A2B4AFBE}"
EndProject
Global
	GlobalSection(SolutionConfigurationPlatforms) = preSolution
		Debug|Any CPU = Debug|Any CPU
		Release|Any CPU = Release|Any CPU
	EndGlobalSection
	GlobalSection(ProjectConfigurationPlatforms) = postSolution
		{BF4A35C3-0358-4635-942A-385845E007D2}.Debug|Any CPU.ActiveCfg = Debug|Any CPU
		{BF4A35C3-0358-4635-942A-385845E007D2}.Debug|Any CPU.Build.0 = Debug|Any CPU
		{BF4A35C3-0358-4635-942A-385845E007D2}.Release|Any CPU.ActiveCfg = Release|Any CPU
		{BF4A35C3-0358-4635-942A-385845E007D2}.Release|Any CPU.Build.0 = Release|Any CPU
		{53F9A04A-5229-45D9-96DF-1498FCBABA92}.Debug|Any CPU.ActiveCfg = Debug|Any CPU
		{53F9A04A-5229-45D9-96DF-1498FCBABA92}.Debug|Any CPU.Build.0 = Debug|Any CPU
		{53F9A04A-5229-45D9-96DF-1498FCBABA92}.Release|Any CPU.ActiveCfg = Release|Any CPU
		{53F9A04A-5229-45D9-96DF-1498FCBABA92}.Release|Any CPU.Build.0 = Release|Any CPU
		{ED86647F-519C-4BB1-9745-69A4C0D7B53F}.Debug|Any CPU.ActiveCfg = Debug|Any CPU
		{ED86647F-519C-4BB1-9745-69A4C0D7B53F}.Debug|Any CPU.Build.0 = Debug|Any CPU
		{ED86647F-519C-4BB1-9745-69A4C0D7B53F}.Release|Any CPU.ActiveCfg = Release|Any CPU
		{ED86647F-519C-4BB1-9745-69A4C0D7B53F}.Release|Any CPU.Build.0 = Release|Any CPU
		{E418A3D3-73E8-44E5-9CA2-2B13A2B4AFBE}.Debug|Any CPU.ActiveCfg = Debug|Any CPU
		{E418A3D3-73E8-44E5-9CA2-2B13A2B4AFBE}.Debug|Any CPU.Build.0 = Debug|Any CPU
		{E418A3D3-73E8-44E5-9CA2-2B13A2B4AFBE}.Release|Any CPU.ActiveCfg = Release|Any CPU
		{E418A3D3-73E8-44E5-9CA2-2B13A2B4AFBE}.Release|Any CPU.Build.0 = Release|Any CPU
	EndGlobalSection
	GlobalSection(SolutionProperties) = preSolution
		HideSolutionNode = FALSE
	EndGlobalSection
	GlobalSection(ExtensibilityGlobals) = postSolution
		SolutionGuid = {9253FAC8-BDEC-4CCF-A751-FA899708D270}
	EndGlobalSection
EndGlobal
